// !$*UTF8*$!
{
	archiveVersion = 1;
	classes = {
	};
	objectVersion = 51;
	objects = {

/* Begin PBXBuildFile section */
		6050EAD825A5857D000BF4C7 /* AppDelegate.swift in Sources */ = {isa = PBXBuildFile; fileRef = 6050EAD725A5857D000BF4C7 /* AppDelegate.swift */; };
		6050EADA25A5857D000BF4C7 /* SceneDelegate.swift in Sources */ = {isa = PBXBuildFile; fileRef = 6050EAD925A5857D000BF4C7 /* SceneDelegate.swift */; };
		6050EADC25A5857D000BF4C7 /* ContentView.swift in Sources */ = {isa = PBXBuildFile; fileRef = 6050EADB25A5857D000BF4C7 /* ContentView.swift */; };
		6050EADE25A5857F000BF4C7 /* Assets.xcassets in Resources */ = {isa = PBXBuildFile; fileRef = 6050EADD25A5857F000BF4C7 /* Assets.xcassets */; };
		6050EAE125A5857F000BF4C7 /* Preview Assets.xcassets in Resources */ = {isa = PBXBuildFile; fileRef = 6050EAE025A5857F000BF4C7 /* Preview Assets.xcassets */; };
		6050EAE425A5857F000BF4C7 /* LaunchScreen.storyboard in Resources */ = {isa = PBXBuildFile; fileRef = 6050EAE225A5857F000BF4C7 /* LaunchScreen.storyboard */; };
		6050EAEF25A5857F000BF4C7 /* MVVMDemoFirebaseTests.swift in Sources */ = {isa = PBXBuildFile; fileRef = 6050EAEE25A5857F000BF4C7 /* MVVMDemoFirebaseTests.swift */; };
		6050EAFA25A5857F000BF4C7 /* MVVMDemoFirebaseUITests.swift in Sources */ = {isa = PBXBuildFile; fileRef = 6050EAF925A5857F000BF4C7 /* MVVMDemoFirebaseUITests.swift */; };
		6050EB3325A58688000BF4C7 /* Book.swift in Sources */ = {isa = PBXBuildFile; fileRef = 6050EB3225A58688000BF4C7 /* Book.swift */; };
		6050EB5B25A58940000BF4C7 /* BooksViewModel.swift in Sources */ = {isa = PBXBuildFile; fileRef = 6050EB5A25A58940000BF4C7 /* BooksViewModel.swift */; };
		6050EB6025A58FCC000BF4C7 /* BookViewModel.swift in Sources */ = {isa = PBXBuildFile; fileRef = 6050EB5F25A58FCC000BF4C7 /* BookViewModel.swift */; };
		6050EB6625A594CE000BF4C7 /* BooksListView.swift in Sources */ = {isa = PBXBuildFile; fileRef = 6050EB6525A594CE000BF4C7 /* BooksListView.swift */; };
		6050EB6E25A5977C000BF4C7 /* BookDetailView.swift in Sources */ = {isa = PBXBuildFile; fileRef = 6050EB6D25A5977C000BF4C7 /* BookDetailView.swift */; };
		6050EB7325A5A01C000BF4C7 /* BookEditView.swift in Sources */ = {isa = PBXBuildFile; fileRef = 6050EB7225A5A01C000BF4C7 /* BookEditView.swift */; };
		6050EB7B25A5B225000BF4C7 /* GoogleService-Info.plist in Resources */ = {isa = PBXBuildFile; fileRef = 6050EB7A25A5B225000BF4C7 /* GoogleService-Info.plist */; };
		87D1FD0848180CA0DAE6025C /* Pods_MVVMDemoFirebaseTests.framework in Frameworks */ = {isa = PBXBuildFile; fileRef = 12A9A7F1225CECDD046D4825 /* Pods_MVVMDemoFirebaseTests.framework */; };
		C19BCD0779C9C0EE11043DB0 /* Pods_MVVMDemoFirebase_MVVMDemoFirebaseUITests.framework in Frameworks */ = {isa = PBXBuildFile; fileRef = 4DD864E969B65EEC90F0F8C4 /* Pods_MVVMDemoFirebase_MVVMDemoFirebaseUITests.framework */; };
		F3DB53FE2976DE3EAEF8450D /* Pods_MVVMDemoFirebase.framework in Frameworks */ = {isa = PBXBuildFile; fileRef = 43BD21F9DB72AF5DB8F7518A /* Pods_MVVMDemoFirebase.framework */; };
/* End PBXBuildFile section */

/* Begin PBXContainerItemProxy section */
		6050EAEB25A5857F000BF4C7 /* PBXContainerItemProxy */ = {
			isa = PBXContainerItemProxy;
			containerPortal = 6050EACC25A5857C000BF4C7 /* Project object */;
			proxyType = 1;
			remoteGlobalIDString = 6050EAD325A5857D000BF4C7;
			remoteInfo = MVVMDemoFirebase;
		};
		6050EAF625A5857F000BF4C7 /* PBXContainerItemProxy */ = {
			isa = PBXContainerItemProxy;
			containerPortal = 6050EACC25A5857C000BF4C7 /* Project object */;
			proxyType = 1;
			remoteGlobalIDString = 6050EAD325A5857D000BF4C7;
			remoteInfo = MVVMDemoFirebase;
		};
/* End PBXContainerItemProxy section */

/* Begin PBXFileReference section */
		12A9A7F1225CECDD046D4825 /* Pods_MVVMDemoFirebaseTests.framework */ = {isa = PBXFileReference; explicitFileType = wrapper.framework; includeInIndex = 0; path = Pods_MVVMDemoFirebaseTests.framework; sourceTree = BUILT_PRODUCTS_DIR; };
		43BD21F9DB72AF5DB8F7518A /* Pods_MVVMDemoFirebase.framework */ = {isa = PBXFileReference; explicitFileType = wrapper.framework; includeInIndex = 0; path = Pods_MVVMDemoFirebase.framework; sourceTree = BUILT_PRODUCTS_DIR; };
		4DD864E969B65EEC90F0F8C4 /* Pods_MVVMDemoFirebase_MVVMDemoFirebaseUITests.framework */ = {isa = PBXFileReference; explicitFileType = wrapper.framework; includeInIndex = 0; path = Pods_MVVMDemoFirebase_MVVMDemoFirebaseUITests.framework; sourceTree = BUILT_PRODUCTS_DIR; };
		6050EAD425A5857D000BF4C7 /* MVVMDemoFirebase.app */ = {isa = PBXFileReference; explicitFileType = wrapper.application; includeInIndex = 0; path = MVVMDemoFirebase.app; sourceTree = BUILT_PRODUCTS_DIR; };
		6050EAD725A5857D000BF4C7 /* AppDelegate.swift */ = {isa = PBXFileReference; lastKnownFileType = sourcecode.swift; path = AppDelegate.swift; sourceTree = "<group>"; };
		6050EAD925A5857D000BF4C7 /* SceneDelegate.swift */ = {isa = PBXFileReference; lastKnownFileType = sourcecode.swift; path = SceneDelegate.swift; sourceTree = "<group>"; };
		6050EADB25A5857D000BF4C7 /* ContentView.swift */ = {isa = PBXFileReference; lastKnownFileType = sourcecode.swift; path = ContentView.swift; sourceTree = "<group>"; };
		6050EADD25A5857F000BF4C7 /* Assets.xcassets */ = {isa = PBXFileReference; lastKnownFileType = folder.assetcatalog; path = Assets.xcassets; sourceTree = "<group>"; };
		6050EAE025A5857F000BF4C7 /* Preview Assets.xcassets */ = {isa = PBXFileReference; lastKnownFileType = folder.assetcatalog; path = "Preview Assets.xcassets"; sourceTree = "<group>"; };
		6050EAE325A5857F000BF4C7 /* Base */ = {isa = PBXFileReference; lastKnownFileType = file.storyboard; name = Base; path = Base.lproj/LaunchScreen.storyboard; sourceTree = "<group>"; };
		6050EAE525A5857F000BF4C7 /* Info.plist */ = {isa = PBXFileReference; lastKnownFileType = text.plist.xml; path = Info.plist; sourceTree = "<group>"; };
		6050EAEA25A5857F000BF4C7 /* MVVMDemoFirebaseTests.xctest */ = {isa = PBXFileReference; explicitFileType = wrapper.cfbundle; includeInIndex = 0; path = MVVMDemoFirebaseTests.xctest; sourceTree = BUILT_PRODUCTS_DIR; };
		6050EAEE25A5857F000BF4C7 /* MVVMDemoFirebaseTests.swift */ = {isa = PBXFileReference; lastKnownFileType = sourcecode.swift; path = MVVMDemoFirebaseTests.swift; sourceTree = "<group>"; };
		6050EAF025A5857F000BF4C7 /* Info.plist */ = {isa = PBXFileReference; lastKnownFileType = text.plist.xml; path = Info.plist; sourceTree = "<group>"; };
		6050EAF525A5857F000BF4C7 /* MVVMDemoFirebaseUITests.xctest */ = {isa = PBXFileReference; explicitFileType = wrapper.cfbundle; includeInIndex = 0; path = MVVMDemoFirebaseUITests.xctest; sourceTree = BUILT_PRODUCTS_DIR; };
		6050EAF925A5857F000BF4C7 /* MVVMDemoFirebaseUITests.swift */ = {isa = PBXFileReference; lastKnownFileType = sourcecode.swift; path = MVVMDemoFirebaseUITests.swift; sourceTree = "<group>"; };
		6050EAFB25A5857F000BF4C7 /* Info.plist */ = {isa = PBXFileReference; lastKnownFileType = text.plist.xml; path = Info.plist; sourceTree = "<group>"; };
		6050EB3225A58688000BF4C7 /* Book.swift */ = {isa = PBXFileReference; lastKnownFileType = sourcecode.swift; path = Book.swift; sourceTree = "<group>"; };
		6050EB5A25A58940000BF4C7 /* BooksViewModel.swift */ = {isa = PBXFileReference; lastKnownFileType = sourcecode.swift; path = BooksViewModel.swift; sourceTree = "<group>"; };
		6050EB5F25A58FCC000BF4C7 /* BookViewModel.swift */ = {isa = PBXFileReference; lastKnownFileType = sourcecode.swift; path = BookViewModel.swift; sourceTree = "<group>"; };
		6050EB6525A594CE000BF4C7 /* BooksListView.swift */ = {isa = PBXFileReference; lastKnownFileType = sourcecode.swift; path = BooksListView.swift; sourceTree = "<group>"; };
		6050EB6D25A5977C000BF4C7 /* BookDetailView.swift */ = {isa = PBXFileReference; lastKnownFileType = sourcecode.swift; path = BookDetailView.swift; sourceTree = "<group>"; };
		6050EB7225A5A01C000BF4C7 /* BookEditView.swift */ = {isa = PBXFileReference; lastKnownFileType = sourcecode.swift; path = BookEditView.swift; sourceTree = "<group>"; };
		6050EB7A25A5B225000BF4C7 /* GoogleService-Info.plist */ = {isa = PBXFileReference; fileEncoding = 4; lastKnownFileType = text.plist.xml; path = "GoogleService-Info.plist"; sourceTree = "<group>"; };
		788A3E5EFDD5F453CC931DA1 /* Pods-MVVMDemoFirebase.release.xcconfig */ = {isa = PBXFileReference; includeInIndex = 1; lastKnownFileType = text.xcconfig; name = "Pods-MVVMDemoFirebase.release.xcconfig"; path = "Target Support Files/Pods-MVVMDemoFirebase/Pods-MVVMDemoFirebase.release.xcconfig"; sourceTree = "<group>"; };
		9B50D117643B5197537AC32E /* Pods-MVVMDemoFirebase-MVVMDemoFirebaseUITests.release.xcconfig */ = {isa = PBXFileReference; includeInIndex = 1; lastKnownFileType = text.xcconfig; name = "Pods-MVVMDemoFirebase-MVVMDemoFirebaseUITests.release.xcconfig"; path = "Target Support Files/Pods-MVVMDemoFirebase-MVVMDemoFirebaseUITests/Pods-MVVMDemoFirebase-MVVMDemoFirebaseUITests.release.xcconfig"; sourceTree = "<group>"; };
		A6885A08963FF0EE780B314C /* Pods-MVVMDemoFirebase.debug.xcconfig */ = {isa = PBXFileReference; includeInIndex = 1; lastKnownFileType = text.xcconfig; name = "Pods-MVVMDemoFirebase.debug.xcconfig"; path = "Target Support Files/Pods-MVVMDemoFirebase/Pods-MVVMDemoFirebase.debug.xcconfig"; sourceTree = "<group>"; };
		C48915917210F94106EC8A55 /* Pods-MVVMDemoFirebaseTests.debug.xcconfig */ = {isa = PBXFileReference; includeInIndex = 1; lastKnownFileType = text.xcconfig; name = "Pods-MVVMDemoFirebaseTests.debug.xcconfig"; path = "Target Support Files/Pods-MVVMDemoFirebaseTests/Pods-MVVMDemoFirebaseTests.debug.xcconfig"; sourceTree = "<group>"; };
		CF83F6504266B2964C6BD84C /* Pods-MVVMDemoFirebase-MVVMDemoFirebaseUITests.debug.xcconfig */ = {isa = PBXFileReference; includeInIndex = 1; lastKnownFileType = text.xcconfig; name = "Pods-MVVMDemoFirebase-MVVMDemoFirebaseUITests.debug.xcconfig"; path = "Target Support Files/Pods-MVVMDemoFirebase-MVVMDemoFirebaseUITests/Pods-MVVMDemoFirebase-MVVMDemoFirebaseUITests.debug.xcconfig"; sourceTree = "<group>"; };
		EF0D37F45C12686F8844D7B7 /* Pods-MVVMDemoFirebaseTests.release.xcconfig */ = {isa = PBXFileReference; includeInIndex = 1; lastKnownFileType = text.xcconfig; name = "Pods-MVVMDemoFirebaseTests.release.xcconfig"; path = "Target Support Files/Pods-MVVMDemoFirebaseTests/Pods-MVVMDemoFirebaseTests.release.xcconfig"; sourceTree = "<group>"; };
/* End PBXFileReference section */

/* Begin PBXFrameworksBuildPhase section */
		6050EAD125A5857D000BF4C7 /* Frameworks */ = {
			isa = PBXFrameworksBuildPhase;
			buildActionMask = 2147483647;
			files = (
				F3DB53FE2976DE3EAEF8450D /* Pods_MVVMDemoFirebase.framework in Frameworks */,
			);
			runOnlyForDeploymentPostprocessing = 0;
		};
		6050EAE725A5857F000BF4C7 /* Frameworks */ = {
			isa = PBXFrameworksBuildPhase;
			buildActionMask = 2147483647;
			files = (
				87D1FD0848180CA0DAE6025C /* Pods_MVVMDemoFirebaseTests.framework in Frameworks */,
			);
			runOnlyForDeploymentPostprocessing = 0;
		};
		6050EAF225A5857F000BF4C7 /* Frameworks */ = {
			isa = PBXFrameworksBuildPhase;
			buildActionMask = 2147483647;
			files = (
				C19BCD0779C9C0EE11043DB0 /* Pods_MVVMDemoFirebase_MVVMDemoFirebaseUITests.framework in Frameworks */,
			);
			runOnlyForDeploymentPostprocessing = 0;
		};
/* End PBXFrameworksBuildPhase section */

/* Begin PBXGroup section */
		261EBBDBC4D36BB812D666FF /* Pods */ = {
			isa = PBXGroup;
			children = (
				A6885A08963FF0EE780B314C /* Pods-MVVMDemoFirebase.debug.xcconfig */,
				788A3E5EFDD5F453CC931DA1 /* Pods-MVVMDemoFirebase.release.xcconfig */,
				CF83F6504266B2964C6BD84C /* Pods-MVVMDemoFirebase-MVVMDemoFirebaseUITests.debug.xcconfig */,
				9B50D117643B5197537AC32E /* Pods-MVVMDemoFirebase-MVVMDemoFirebaseUITests.release.xcconfig */,
				C48915917210F94106EC8A55 /* Pods-MVVMDemoFirebaseTests.debug.xcconfig */,
				EF0D37F45C12686F8844D7B7 /* Pods-MVVMDemoFirebaseTests.release.xcconfig */,
			);
			path = Pods;
			sourceTree = "<group>";
		};
		6050EACB25A5857C000BF4C7 = {
			isa = PBXGroup;
			children = (
				6050EAD625A5857D000BF4C7 /* MVVMDemoFirebase */,
				6050EAED25A5857F000BF4C7 /* MVVMDemoFirebaseTests */,
				6050EAF825A5857F000BF4C7 /* MVVMDemoFirebaseUITests */,
				6050EAD525A5857D000BF4C7 /* Products */,
				261EBBDBC4D36BB812D666FF /* Pods */,
				FA8502B522BB19BBDB408722 /* Frameworks */,
			);
			sourceTree = "<group>";
		};
		6050EAD525A5857D000BF4C7 /* Products */ = {
			isa = PBXGroup;
			children = (
				6050EAD425A5857D000BF4C7 /* MVVMDemoFirebase.app */,
				6050EAEA25A5857F000BF4C7 /* MVVMDemoFirebaseTests.xctest */,
				6050EAF525A5857F000BF4C7 /* MVVMDemoFirebaseUITests.xctest */,
			);
			name = Products;
			sourceTree = "<group>";
		};
		6050EAD625A5857D000BF4C7 /* MVVMDemoFirebase */ = {
			isa = PBXGroup;
			children = (
				6050EB5925A58917000BF4C7 /* ViewModel */,
				6050EB2825A5866A000BF4C7 /* Model */,
				6050EB6425A594B0000BF4C7 /* View */,
				6050EAD725A5857D000BF4C7 /* AppDelegate.swift */,
				6050EAD925A5857D000BF4C7 /* SceneDelegate.swift */,
				6050EADB25A5857D000BF4C7 /* ContentView.swift */,
				6050EB7A25A5B225000BF4C7 /* GoogleService-Info.plist */,
				6050EADD25A5857F000BF4C7 /* Assets.xcassets */,
				6050EAE225A5857F000BF4C7 /* LaunchScreen.storyboard */,
				6050EAE525A5857F000BF4C7 /* Info.plist */,
				6050EADF25A5857F000BF4C7 /* Preview Content */,
			);
			path = MVVMDemoFirebase;
			sourceTree = "<group>";
		};
		6050EADF25A5857F000BF4C7 /* Preview Content */ = {
			isa = PBXGroup;
			children = (
				6050EAE025A5857F000BF4C7 /* Preview Assets.xcassets */,
			);
			path = "Preview Content";
			sourceTree = "<group>";
		};
		6050EAED25A5857F000BF4C7 /* MVVMDemoFirebaseTests */ = {
			isa = PBXGroup;
			children = (
				6050EAEE25A5857F000BF4C7 /* MVVMDemoFirebaseTests.swift */,
				6050EAF025A5857F000BF4C7 /* Info.plist */,
			);
			path = MVVMDemoFirebaseTests;
			sourceTree = "<group>";
		};
		6050EAF825A5857F000BF4C7 /* MVVMDemoFirebaseUITests */ = {
			isa = PBXGroup;
			children = (
				6050EAF925A5857F000BF4C7 /* MVVMDemoFirebaseUITests.swift */,
				6050EAFB25A5857F000BF4C7 /* Info.plist */,
			);
			path = MVVMDemoFirebaseUITests;
			sourceTree = "<group>";
		};
		6050EB2825A5866A000BF4C7 /* Model */ = {
			isa = PBXGroup;
			children = (
				6050EB3225A58688000BF4C7 /* Book.swift */,
			);
			path = Model;
			sourceTree = "<group>";
		};
		6050EB5925A58917000BF4C7 /* ViewModel */ = {
			isa = PBXGroup;
			children = (
				6050EB5A25A58940000BF4C7 /* BooksViewModel.swift */,
				6050EB5F25A58FCC000BF4C7 /* BookViewModel.swift */,
			);
			path = ViewModel;
			sourceTree = "<group>";
		};
		6050EB6425A594B0000BF4C7 /* View */ = {
			isa = PBXGroup;
			children = (
				6050EB6525A594CE000BF4C7 /* BooksListView.swift */,
				6050EB6D25A5977C000BF4C7 /* BookDetailView.swift */,
				6050EB7225A5A01C000BF4C7 /* BookEditView.swift */,
			);
			path = View;
			sourceTree = "<group>";
		};
		FA8502B522BB19BBDB408722 /* Frameworks */ = {
			isa = PBXGroup;
			children = (
				43BD21F9DB72AF5DB8F7518A /* Pods_MVVMDemoFirebase.framework */,
				4DD864E969B65EEC90F0F8C4 /* Pods_MVVMDemoFirebase_MVVMDemoFirebaseUITests.framework */,
				12A9A7F1225CECDD046D4825 /* Pods_MVVMDemoFirebaseTests.framework */,
			);
			name = Frameworks;
			sourceTree = "<group>";
		};
/* End PBXGroup section */

/* Begin PBXNativeTarget section */
		6050EAD325A5857D000BF4C7 /* MVVMDemoFirebase */ = {
			isa = PBXNativeTarget;
			buildConfigurationList = 6050EAFE25A5857F000BF4C7 /* Build configuration list for PBXNativeTarget "MVVMDemoFirebase" */;
			buildPhases = (
				EBDE0AB2F081D84DA7E49C45 /* [CP] Check Pods Manifest.lock */,
				6050EAD025A5857D000BF4C7 /* Sources */,
				6050EAD125A5857D000BF4C7 /* Frameworks */,
				6050EAD225A5857D000BF4C7 /* Resources */,
				5ABCCFE9CFD6684E3DFBE534 /* [CP] Embed Pods Frameworks */,
			);
			buildRules = (
			);
			dependencies = (
			);
			name = MVVMDemoFirebase;
			productName = MVVMDemoFirebase;
			productReference = 6050EAD425A5857D000BF4C7 /* MVVMDemoFirebase.app */;
			productType = "com.apple.product-type.application";
		};
		6050EAE925A5857F000BF4C7 /* MVVMDemoFirebaseTests */ = {
			isa = PBXNativeTarget;
			buildConfigurationList = 6050EB0125A5857F000BF4C7 /* Build configuration list for PBXNativeTarget "MVVMDemoFirebaseTests" */;
			buildPhases = (
				BDC3240812BA5BEA32261374 /* [CP] Check Pods Manifest.lock */,
				6050EAE625A5857F000BF4C7 /* Sources */,
				6050EAE725A5857F000BF4C7 /* Frameworks */,
				6050EAE825A5857F000BF4C7 /* Resources */,
			);
			buildRules = (
			);
			dependencies = (
				6050EAEC25A5857F000BF4C7 /* PBXTargetDependency */,
			);
			name = MVVMDemoFirebaseTests;
			productName = MVVMDemoFirebaseTests;
			productReference = 6050EAEA25A5857F000BF4C7 /* MVVMDemoFirebaseTests.xctest */;
			productType = "com.apple.product-type.bundle.unit-test";
		};
		6050EAF425A5857F000BF4C7 /* MVVMDemoFirebaseUITests */ = {
			isa = PBXNativeTarget;
			buildConfigurationList = 6050EB0425A5857F000BF4C7 /* Build configuration list for PBXNativeTarget "MVVMDemoFirebaseUITests" */;
			buildPhases = (
				CBCE2238629FC33D2F6911E5 /* [CP] Check Pods Manifest.lock */,
				6050EAF125A5857F000BF4C7 /* Sources */,
				6050EAF225A5857F000BF4C7 /* Frameworks */,
				6050EAF325A5857F000BF4C7 /* Resources */,
				3E7C75BBBAF4593F2848E4AA /* [CP] Embed Pods Frameworks */,
			);
			buildRules = (
			);
			dependencies = (
				6050EAF725A5857F000BF4C7 /* PBXTargetDependency */,
			);
			name = MVVMDemoFirebaseUITests;
			productName = MVVMDemoFirebaseUITests;
			productReference = 6050EAF525A5857F000BF4C7 /* MVVMDemoFirebaseUITests.xctest */;
			productType = "com.apple.product-type.bundle.ui-testing";
		};
/* End PBXNativeTarget section */

/* Begin PBXProject section */
		6050EACC25A5857C000BF4C7 /* Project object */ = {
			isa = PBXProject;
			attributes = {
				LastSwiftUpdateCheck = 1210;
				LastUpgradeCheck = 1210;
				TargetAttributes = {
					6050EAD325A5857D000BF4C7 = {
						CreatedOnToolsVersion = 12.1;
					};
					6050EAE925A5857F000BF4C7 = {
						CreatedOnToolsVersion = 12.1;
						TestTargetID = 6050EAD325A5857D000BF4C7;
					};
					6050EAF425A5857F000BF4C7 = {
						CreatedOnToolsVersion = 12.1;
						TestTargetID = 6050EAD325A5857D000BF4C7;
					};
				};
			};
			buildConfigurationList = 6050EACF25A5857C000BF4C7 /* Build configuration list for PBXProject "MVVMDemoFirebase" */;
			compatibilityVersion = "Xcode 9.3";
			developmentRegion = en;
			hasScannedForEncodings = 0;
			knownRegions = (
				en,
				Base,
			);
			mainGroup = 6050EACB25A5857C000BF4C7;
			productRefGroup = 6050EAD525A5857D000BF4C7 /* Products */;
			projectDirPath = "";
			projectRoot = "";
			targets = (
				6050EAD325A5857D000BF4C7 /* MVVMDemoFirebase */,
				6050EAE925A5857F000BF4C7 /* MVVMDemoFirebaseTests */,
				6050EAF425A5857F000BF4C7 /* MVVMDemoFirebaseUITests */,
			);
		};
/* End PBXProject section */

/* Begin PBXResourcesBuildPhase section */
		6050EAD225A5857D000BF4C7 /* Resources */ = {
			isa = PBXResourcesBuildPhase;
			buildActionMask = 2147483647;
			files = (
				6050EAE425A5857F000BF4C7 /* LaunchScreen.storyboard in Resources */,
				6050EAE125A5857F000BF4C7 /* Preview Assets.xcassets in Resources */,
				6050EADE25A5857F000BF4C7 /* Assets.xcassets in Resources */,
				6050EB7B25A5B225000BF4C7 /* GoogleService-Info.plist in Resources */,
			);
			runOnlyForDeploymentPostprocessing = 0;
		};
		6050EAE825A5857F000BF4C7 /* Resources */ = {
			isa = PBXResourcesBuildPhase;
			buildActionMask = 2147483647;
			files = (
			);
			runOnlyForDeploymentPostprocessing = 0;
		};
		6050EAF325A5857F000BF4C7 /* Resources */ = {
			isa = PBXResourcesBuildPhase;
			buildActionMask = 2147483647;
			files = (
			);
			runOnlyForDeploymentPostprocessing = 0;
		};
/* End PBXResourcesBuildPhase section */

/* Begin PBXShellScriptBuildPhase section */
		3E7C75BBBAF4593F2848E4AA /* [CP] Embed Pods Frameworks */ = {
			isa = PBXShellScriptBuildPhase;
			buildActionMask = 2147483647;
			files = (
			);
			inputFileListPaths = (
				"${PODS_ROOT}/Target Support Files/Pods-MVVMDemoFirebase-MVVMDemoFirebaseUITests/Pods-MVVMDemoFirebase-MVVMDemoFirebaseUITests-frameworks-${CONFIGURATION}-input-files.xcfilelist",
			);
			name = "[CP] Embed Pods Frameworks";
			outputFileListPaths = (
				"${PODS_ROOT}/Target Support Files/Pods-MVVMDemoFirebase-MVVMDemoFirebaseUITests/Pods-MVVMDemoFirebase-MVVMDemoFirebaseUITests-frameworks-${CONFIGURATION}-output-files.xcfilelist",
			);
			runOnlyForDeploymentPostprocessing = 0;
			shellPath = /bin/sh;
			shellScript = "\"${PODS_ROOT}/Target Support Files/Pods-MVVMDemoFirebase-MVVMDemoFirebaseUITests/Pods-MVVMDemoFirebase-MVVMDemoFirebaseUITests-frameworks.sh\"\n";
			showEnvVarsInLog = 0;
		};
		5ABCCFE9CFD6684E3DFBE534 /* [CP] Embed Pods Frameworks */ = {
			isa = PBXShellScriptBuildPhase;
			buildActionMask = 2147483647;
			files = (
			);
			inputFileListPaths = (
				"${PODS_ROOT}/Target Support Files/Pods-MVVMDemoFirebase/Pods-MVVMDemoFirebase-frameworks-${CONFIGURATION}-input-files.xcfilelist",
			);
			name = "[CP] Embed Pods Frameworks";
			outputFileListPaths = (
				"${PODS_ROOT}/Target Support Files/Pods-MVVMDemoFirebase/Pods-MVVMDemoFirebase-frameworks-${CONFIGURATION}-output-files.xcfilelist",
			);
			runOnlyForDeploymentPostprocessing = 0;
			shellPath = /bin/sh;
			shellScript = "\"${PODS_ROOT}/Target Support Files/Pods-MVVMDemoFirebase/Pods-MVVMDemoFirebase-frameworks.sh\"\n";
			showEnvVarsInLog = 0;
		};
		BDC3240812BA5BEA32261374 /* [CP] Check Pods Manifest.lock */ = {
			isa = PBXShellScriptBuildPhase;
			buildActionMask = 2147483647;
			files = (
			);
			inputFileListPaths = (
			);
			inputPaths = (
				"${PODS_PODFILE_DIR_PATH}/Podfile.lock",
				"${PODS_ROOT}/Manifest.lock",
			);
			name = "[CP] Check Pods Manifest.lock";
			outputFileListPaths = (
			);
			outputPaths = (
				"$(DERIVED_FILE_DIR)/Pods-MVVMDemoFirebaseTests-checkManifestLockResult.txt",
			);
			runOnlyForDeploymentPostprocessing = 0;
			shellPath = /bin/sh;
			shellScript = "diff \"${PODS_PODFILE_DIR_PATH}/Podfile.lock\" \"${PODS_ROOT}/Manifest.lock\" > /dev/null\nif [ $? != 0 ] ; then\n    # print error to STDERR\n    echo \"error: The sandbox is not in sync with the Podfile.lock. Run 'pod install' or update your CocoaPods installation.\" >&2\n    exit 1\nfi\n# This output is used by Xcode 'outputs' to avoid re-running this script phase.\necho \"SUCCESS\" > \"${SCRIPT_OUTPUT_FILE_0}\"\n";
			showEnvVarsInLog = 0;
		};
		CBCE2238629FC33D2F6911E5 /* [CP] Check Pods Manifest.lock */ = {
			isa = PBXShellScriptBuildPhase;
			buildActionMask = 2147483647;
			files = (
			);
			inputFileListPaths = (
			);
			inputPaths = (
				"${PODS_PODFILE_DIR_PATH}/Podfile.lock",
				"${PODS_ROOT}/Manifest.lock",
			);
			name = "[CP] Check Pods Manifest.lock";
			outputFileListPaths = (
			);
			outputPaths = (
				"$(DERIVED_FILE_DIR)/Pods-MVVMDemoFirebase-MVVMDemoFirebaseUITests-checkManifestLockResult.txt",
			);
			runOnlyForDeploymentPostprocessing = 0;
			shellPath = /bin/sh;
			shellScript = "diff \"${PODS_PODFILE_DIR_PATH}/Podfile.lock\" \"${PODS_ROOT}/Manifest.lock\" > /dev/null\nif [ $? != 0 ] ; then\n    # print error to STDERR\n    echo \"error: The sandbox is not in sync with the Podfile.lock. Run 'pod install' or update your CocoaPods installation.\" >&2\n    exit 1\nfi\n# This output is used by Xcode 'outputs' to avoid re-running this script phase.\necho \"SUCCESS\" > \"${SCRIPT_OUTPUT_FILE_0}\"\n";
			showEnvVarsInLog = 0;
		};
		EBDE0AB2F081D84DA7E49C45 /* [CP] Check Pods Manifest.lock */ = {
			isa = PBXShellScriptBuildPhase;
			buildActionMask = 2147483647;
			files = (
			);
			inputFileListPaths = (
			);
			inputPaths = (
				"${PODS_PODFILE_DIR_PATH}/Podfile.lock",
				"${PODS_ROOT}/Manifest.lock",
			);
			name = "[CP] Check Pods Manifest.lock";
			outputFileListPaths = (
			);
			outputPaths = (
				"$(DERIVED_FILE_DIR)/Pods-MVVMDemoFirebase-checkManifestLockResult.txt",
			);
			runOnlyForDeploymentPostprocessing = 0;
			shellPath = /bin/sh;
			shellScript = "diff \"${PODS_PODFILE_DIR_PATH}/Podfile.lock\" \"${PODS_ROOT}/Manifest.lock\" > /dev/null\nif [ $? != 0 ] ; then\n    # print error to STDERR\n    echo \"error: The sandbox is not in sync with the Podfile.lock. Run 'pod install' or update your CocoaPods installation.\" >&2\n    exit 1\nfi\n# This output is used by Xcode 'outputs' to avoid re-running this script phase.\necho \"SUCCESS\" > \"${SCRIPT_OUTPUT_FILE_0}\"\n";
			showEnvVarsInLog = 0;
		};
/* End PBXShellScriptBuildPhase section */

/* Begin PBXSourcesBuildPhase section */
		6050EAD025A5857D000BF4C7 /* Sources */ = {
			isa = PBXSourcesBuildPhase;
			buildActionMask = 2147483647;
			files = (
				6050EB6E25A5977C000BF4C7 /* BookDetailView.swift in Sources */,
				6050EB3325A58688000BF4C7 /* Book.swift in Sources */,
				6050EB7325A5A01C000BF4C7 /* BookEditView.swift in Sources */,
				6050EAD825A5857D000BF4C7 /* AppDelegate.swift in Sources */,
				6050EB6625A594CE000BF4C7 /* BooksListView.swift in Sources */,
				6050EADA25A5857D000BF4C7 /* SceneDelegate.swift in Sources */,
				6050EB5B25A58940000BF4C7 /* BooksViewModel.swift in Sources */,
				6050EADC25A5857D000BF4C7 /* ContentView.swift in Sources */,
				6050EB6025A58FCC000BF4C7 /* BookViewModel.swift in Sources */,
			);
			runOnlyForDeploymentPostprocessing = 0;
		};
		6050EAE625A5857F000BF4C7 /* Sources */ = {
			isa = PBXSourcesBuildPhase;
			buildActionMask = 2147483647;
			files = (
				6050EAEF25A5857F000BF4C7 /* MVVMDemoFirebaseTests.swift in Sources */,
			);
			runOnlyForDeploymentPostprocessing = 0;
		};
		6050EAF125A5857F000BF4C7 /* Sources */ = {
			isa = PBXSourcesBuildPhase;
			buildActionMask = 2147483647;
			files = (
				6050EAFA25A5857F000BF4C7 /* MVVMDemoFirebaseUITests.swift in Sources */,
			);
			runOnlyForDeploymentPostprocessing = 0;
		};
/* End PBXSourcesBuildPhase section */

/* Begin PBXTargetDependency section */
		6050EAEC25A5857F000BF4C7 /* PBXTargetDependency */ = {
			isa = PBXTargetDependency;
			target = 6050EAD325A5857D000BF4C7 /* MVVMDemoFirebase */;
			targetProxy = 6050EAEB25A5857F000BF4C7 /* PBXContainerItemProxy */;
		};
		6050EAF725A5857F000BF4C7 /* PBXTargetDependency */ = {
			isa = PBXTargetDependency;
			target = 6050EAD325A5857D000BF4C7 /* MVVMDemoFirebase */;
			targetProxy = 6050EAF625A5857F000BF4C7 /* PBXContainerItemProxy */;
		};
/* End PBXTargetDependency section */

/* Begin PBXVariantGroup section */
		6050EAE225A5857F000BF4C7 /* LaunchScreen.storyboard */ = {
			isa = PBXVariantGroup;
			children = (
				6050EAE325A5857F000BF4C7 /* Base */,
			);
			name = LaunchScreen.storyboard;
			sourceTree = "<group>";
		};
/* End PBXVariantGroup section */

/* Begin XCBuildConfiguration section */
		6050EAFC25A5857F000BF4C7 /* Debug */ = {
			isa = XCBuildConfiguration;
			buildSettings = {
				ALWAYS_SEARCH_USER_PATHS = NO;
				CLANG_ANALYZER_NONNULL = YES;
				CLANG_ANALYZER_NUMBER_OBJECT_CONVERSION = YES_AGGRESSIVE;
				CLANG_CXX_LANGUAGE_STANDARD = "gnu++14";
				CLANG_CXX_LIBRARY = "libc++";
				CLANG_ENABLE_MODULES = YES;
				CLANG_ENABLE_OBJC_ARC = YES;
				CLANG_ENABLE_OBJC_WEAK = YES;
				CLANG_WARN_BLOCK_CAPTURE_AUTORELEASING = YES;
				CLANG_WARN_BOOL_CONVERSION = YES;
				CLANG_WARN_COMMA = YES;
				CLANG_WARN_CONSTANT_CONVERSION = YES;
				CLANG_WARN_DEPRECATED_OBJC_IMPLEMENTATIONS = YES;
				CLANG_WARN_DIRECT_OBJC_ISA_USAGE = YES_ERROR;
				CLANG_WARN_DOCUMENTATION_COMMENTS = YES;
				CLANG_WARN_EMPTY_BODY = YES;
				CLANG_WARN_ENUM_CONVERSION = YES;
				CLANG_WARN_INFINITE_RECURSION = YES;
				CLANG_WARN_INT_CONVERSION = YES;
				CLANG_WARN_NON_LITERAL_NULL_CONVERSION = YES;
				CLANG_WARN_OBJC_IMPLICIT_RETAIN_SELF = YES;
				CLANG_WARN_OBJC_LITERAL_CONVERSION = YES;
				CLANG_WARN_OBJC_ROOT_CLASS = YES_ERROR;
				CLANG_WARN_QUOTED_INCLUDE_IN_FRAMEWORK_HEADER = YES;
				CLANG_WARN_RANGE_LOOP_ANALYSIS = YES;
				CLANG_WARN_STRICT_PROTOTYPES = YES;
				CLANG_WARN_SUSPICIOUS_MOVE = YES;
				CLANG_WARN_UNGUARDED_AVAILABILITY = YES_AGGRESSIVE;
				CLANG_WARN_UNREACHABLE_CODE = YES;
				CLANG_WARN__DUPLICATE_METHOD_MATCH = YES;
				COPY_PHASE_STRIP = NO;
				DEBUG_INFORMATION_FORMAT = dwarf;
				ENABLE_STRICT_OBJC_MSGSEND = YES;
				ENABLE_TESTABILITY = YES;
				GCC_C_LANGUAGE_STANDARD = gnu11;
				GCC_DYNAMIC_NO_PIC = NO;
				GCC_NO_COMMON_BLOCKS = YES;
				GCC_OPTIMIZATION_LEVEL = 0;
				GCC_PREPROCESSOR_DEFINITIONS = (
					"DEBUG=1",
					"$(inherited)",
				);
				GCC_WARN_64_TO_32_BIT_CONVERSION = YES;
				GCC_WARN_ABOUT_RETURN_TYPE = YES_ERROR;
				GCC_WARN_UNDECLARED_SELECTOR = YES;
				GCC_WARN_UNINITIALIZED_AUTOS = YES_AGGRESSIVE;
				GCC_WARN_UNUSED_FUNCTION = YES;
				GCC_WARN_UNUSED_VARIABLE = YES;
				IPHONEOS_DEPLOYMENT_TARGET = 14.1;
				MTL_ENABLE_DEBUG_INFO = INCLUDE_SOURCE;
				MTL_FAST_MATH = YES;
				ONLY_ACTIVE_ARCH = YES;
				SDKROOT = iphoneos;
				SWIFT_ACTIVE_COMPILATION_CONDITIONS = DEBUG;
				SWIFT_OPTIMIZATION_LEVEL = "-Onone";
			};
			name = Debug;
		};
		6050EAFD25A5857F000BF4C7 /* Release */ = {
			isa = XCBuildConfiguration;
			buildSettings = {
				ALWAYS_SEARCH_USER_PATHS = NO;
				CLANG_ANALYZER_NONNULL = YES;
				CLANG_ANALYZER_NUMBER_OBJECT_CONVERSION = YES_AGGRESSIVE;
				CLANG_CXX_LANGUAGE_STANDARD = "gnu++14";
				CLANG_CXX_LIBRARY = "libc++";
				CLANG_ENABLE_MODULES = YES;
				CLANG_ENABLE_OBJC_ARC = YES;
				CLANG_ENABLE_OBJC_WEAK = YES;
				CLANG_WARN_BLOCK_CAPTURE_AUTORELEASING = YES;
				CLANG_WARN_BOOL_CONVERSION = YES;
				CLANG_WARN_COMMA = YES;
				CLANG_WARN_CONSTANT_CONVERSION = YES;
				CLANG_WARN_DEPRECATED_OBJC_IMPLEMENTATIONS = YES;
				CLANG_WARN_DIRECT_OBJC_ISA_USAGE = YES_ERROR;
				CLANG_WARN_DOCUMENTATION_COMMENTS = YES;
				CLANG_WARN_EMPTY_BODY = YES;
				CLANG_WARN_ENUM_CONVERSION = YES;
				CLANG_WARN_INFINITE_RECURSION = YES;
				CLANG_WARN_INT_CONVERSION = YES;
				CLANG_WARN_NON_LITERAL_NULL_CONVERSION = YES;
				CLANG_WARN_OBJC_IMPLICIT_RETAIN_SELF = YES;
				CLANG_WARN_OBJC_LITERAL_CONVERSION = YES;
				CLANG_WARN_OBJC_ROOT_CLASS = YES_ERROR;
				CLANG_WARN_QUOTED_INCLUDE_IN_FRAMEWORK_HEADER = YES;
				CLANG_WARN_RANGE_LOOP_ANALYSIS = YES;
				CLANG_WARN_STRICT_PROTOTYPES = YES;
				CLANG_WARN_SUSPICIOUS_MOVE = YES;
				CLANG_WARN_UNGUARDED_AVAILABILITY = YES_AGGRESSIVE;
				CLANG_WARN_UNREACHABLE_CODE = YES;
				CLANG_WARN__DUPLICATE_METHOD_MATCH = YES;
				COPY_PHASE_STRIP = NO;
				DEBUG_INFORMATION_FORMAT = "dwarf-with-dsym";
				ENABLE_NS_ASSERTIONS = NO;
				ENABLE_STRICT_OBJC_MSGSEND = YES;
				GCC_C_LANGUAGE_STANDARD = gnu11;
				GCC_NO_COMMON_BLOCKS = YES;
				GCC_WARN_64_TO_32_BIT_CONVERSION = YES;
				GCC_WARN_ABOUT_RETURN_TYPE = YES_ERROR;
				GCC_WARN_UNDECLARED_SELECTOR = YES;
				GCC_WARN_UNINITIALIZED_AUTOS = YES_AGGRESSIVE;
				GCC_WARN_UNUSED_FUNCTION = YES;
				GCC_WARN_UNUSED_VARIABLE = YES;
				IPHONEOS_DEPLOYMENT_TARGET = 14.1;
				MTL_ENABLE_DEBUG_INFO = NO;
				MTL_FAST_MATH = YES;
				SDKROOT = iphoneos;
				SWIFT_COMPILATION_MODE = wholemodule;
				SWIFT_OPTIMIZATION_LEVEL = "-O";
				VALIDATE_PRODUCT = YES;
			};
			name = Release;
		};
		6050EAFF25A5857F000BF4C7 /* Debug */ = {
			isa = XCBuildConfiguration;
			baseConfigurationReference = A6885A08963FF0EE780B314C /* Pods-MVVMDemoFirebase.debug.xcconfig */;
			buildSettings = {
				ASSETCATALOG_COMPILER_APPICON_NAME = AppIcon;
				ASSETCATALOG_COMPILER_GLOBAL_ACCENT_COLOR_NAME = AccentColor;
				CODE_SIGN_STYLE = Automatic;
				DEVELOPMENT_ASSET_PATHS = "\"MVVMDemoFirebase/Preview Content\"";
				DEVELOPMENT_TEAM = DD73F8592Z;
				ENABLE_PREVIEWS = YES;
				INFOPLIST_FILE = MVVMDemoFirebase/Info.plist;
				LD_RUNPATH_SEARCH_PATHS = (
					"$(inherited)",
					"@executable_path/Frameworks",
				);
				PRODUCT_BUNDLE_IDENTIFIER = com.knoxpo.RegisterWithFirebase;
				PRODUCT_NAME = "$(TARGET_NAME)";
				SWIFT_VERSION = 5.0;
				TARGETED_DEVICE_FAMILY = "1,2";
			};
			name = Debug;
		};
		6050EB0025A5857F000BF4C7 /* Release */ = {
			isa = XCBuildConfiguration;
			baseConfigurationReference = 788A3E5EFDD5F453CC931DA1 /* Pods-MVVMDemoFirebase.release.xcconfig */;
			buildSettings = {
				ASSETCATALOG_COMPILER_APPICON_NAME = AppIcon;
				ASSETCATALOG_COMPILER_GLOBAL_ACCENT_COLOR_NAME = AccentColor;
				CODE_SIGN_STYLE = Automatic;
				DEVELOPMENT_ASSET_PATHS = "\"MVVMDemoFirebase/Preview Content\"";
				DEVELOPMENT_TEAM = DD73F8592Z;
				ENABLE_PREVIEWS = YES;
				INFOPLIST_FILE = MVVMDemoFirebase/Info.plist;
				LD_RUNPATH_SEARCH_PATHS = (
					"$(inherited)",
					"@executable_path/Frameworks",
				);
				PRODUCT_BUNDLE_IDENTIFIER = com.knoxpo.RegisterWithFirebase;
				PRODUCT_NAME = "$(TARGET_NAME)";
				SWIFT_VERSION = 5.0;
				TARGETED_DEVICE_FAMILY = "1,2";
			};
			name = Release;
		};
		6050EB0225A5857F000BF4C7 /* Debug */ = {
			isa = XCBuildConfiguration;
			baseConfigurationReference = C48915917210F94106EC8A55 /* Pods-MVVMDemoFirebaseTests.debug.xcconfig */;
			buildSettings = {
				ALWAYS_EMBED_SWIFT_STANDARD_LIBRARIES = YES;
				BUNDLE_LOADER = "$(TEST_HOST)";
				CODE_SIGN_STYLE = Automatic;
				DEVELOPMENT_TEAM = DD73F8592Z;
				INFOPLIST_FILE = MVVMDemoFirebaseTests/Info.plist;
				IPHONEOS_DEPLOYMENT_TARGET = 14.1;
				LD_RUNPATH_SEARCH_PATHS = (
					"$(inherited)",
					"@executable_path/Frameworks",
					"@loader_path/Frameworks",
				);
				PRODUCT_BUNDLE_IDENTIFIER = knoxpo.MVVMDemoFirebaseTests;
				PRODUCT_NAME = "$(TARGET_NAME)";
				SWIFT_VERSION = 5.0;
				TARGETED_DEVICE_FAMILY = "1,2";
				TEST_HOST = "$(BUILT_PRODUCTS_DIR)/MVVMDemoFirebase.app/MVVMDemoFirebase";
			};
			name = Debug;
		};
		6050EB0325A5857F000BF4C7 /* Release */ = {
			isa = XCBuildConfiguration;
			baseConfigurationReference = EF0D37F45C12686F8844D7B7 /* Pods-MVVMDemoFirebaseTests.release.xcconfig */;
			buildSettings = {
				ALWAYS_EMBED_SWIFT_STANDARD_LIBRARIES = YES;
				BUNDLE_LOADER = "$(TEST_HOST)";
				CODE_SIGN_STYLE = Automatic;
				DEVELOPMENT_TEAM = DD73F8592Z;
				INFOPLIST_FILE = MVVMDemoFirebaseTests/Info.plist;
				IPHONEOS_DEPLOYMENT_TARGET = 14.1;
				LD_RUNPATH_SEARCH_PATHS = (
					"$(inherited)",
					"@executable_path/Frameworks",
					"@loader_path/Frameworks",
				);
				PRODUCT_BUNDLE_IDENTIFIER = knoxpo.MVVMDemoFirebaseTests;
				PRODUCT_NAME = "$(TARGET_NAME)";
				SWIFT_VERSION = 5.0;
				TARGETED_DEVICE_FAMILY = "1,2";
				TEST_HOST = "$(BUILT_PRODUCTS_DIR)/MVVMDemoFirebase.app/MVVMDemoFirebase";
			};
			name = Release;
		};
		6050EB0525A5857F000BF4C7 /* Debug */ = {
			isa = XCBuildConfiguration;
			baseConfigurationReference = CF83F6504266B2964C6BD84C /* Pods-MVVMDemoFirebase-MVVMDemoFirebaseUITests.debug.xcconfig */;
			buildSettings = {
				ALWAYS_EMBED_SWIFT_STANDARD_LIBRARIES = YES;
				CODE_SIGN_STYLE = Automatic;
				DEVELOPMENT_TEAM = DD73F8592Z;
				INFOPLIST_FILE = MVVMDemoFirebaseUITests/Info.plist;
				LD_RUNPATH_SEARCH_PATHS = (
					"$(inherited)",
					"@executable_path/Frameworks",
					"@loader_path/Frameworks",
				);
				PRODUCT_BUNDLE_IDENTIFIER = knoxpo.MVVMDemoFirebaseUITests;
				PRODUCT_NAME = "$(TARGET_NAME)";
				SWIFT_VERSION = 5.0;
				TARGETED_DEVICE_FAMILY = "1,2";
				TEST_TARGET_NAME = MVVMDemoFirebase;
			};
			name = Debug;
		};
		6050EB0625A5857F000BF4C7 /* Release */ = {
			isa = XCBuildConfiguration;
			baseConfigurationReference = 9B50D117643B5197537AC32E /* Pods-MVVMDemoFirebase-MVVMDemoFirebaseUITests.release.xcconfig */;
			buildSettings = {
				ALWAYS_EMBED_SWIFT_STANDARD_LIBRARIES = YES;
				CODE_SIGN_STYLE = Automatic;
				DEVELOPMENT_TEAM = DD73F8592Z;
				INFOPLIST_FILE = MVVMDemoFirebaseUITests/Info.plist;
				LD_RUNPATH_SEARCH_PATHS = (
					"$(inherited)",
					"@executable_path/Frameworks",
					"@loader_path/Frameworks",
				);
				PRODUCT_BUNDLE_IDENTIFIER = knoxpo.MVVMDemoFirebaseUITests;
				PRODUCT_NAME = "$(TARGET_NAME)";
				SWIFT_VERSION = 5.0;
				TARGETED_DEVICE_FAMILY = "1,2";
				TEST_TARGET_NAME = MVVMDemoFirebase;
			};
			name = Release;
		};
/* End XCBuildConfiguration section */

/* Begin XCConfigurationList section */
		6050EACF25A5857C000BF4C7 /* Build configuration list for PBXProject "MVVMDemoFirebase" */ = {
			isa = XCConfigurationList;
			buildConfigurations = (
				6050EAFC25A5857F000BF4C7 /* Debug */,
				6050EAFD25A5857F000BF4C7 /* Release */,
			);
			defaultConfigurationIsVisible = 0;
			defaultConfigurationName = Release;
		};
		6050EAFE25A5857F000BF4C7 /* Build configuration list for PBXNativeTarget "MVVMDemoFirebase" */ = {
			isa = XCConfigurationList;
			buildConfigurations = (
				6050EAFF25A5857F000BF4C7 /* Debug */,
				6050EB0025A5857F000BF4C7 /* Release */,
			);
			defaultConfigurationIsVisible = 0;
			defaultConfigurationName = Release;
		};
		6050EB0125A5857F000BF4C7 /* Build configuration list for PBXNativeTarget "MVVMDemoFirebaseTests" */ = {
			isa = XCConfigurationList;
			buildConfigurations = (
				6050EB0225A5857F000BF4C7 /* Debug */,
				6050EB0325A5857F000BF4C7 /* Release */,
			);
			defaultConfigurationIsVisible = 0;
			defaultConfigurationName = Release;
		};
		6050EB0425A5857F000BF4C7 /* Build configuration list for PBXNativeTarget "MVVMDemoFirebaseUITests" */ = {
			isa = XCConfigurationList;
			buildConfigurations = (
				6050EB0525A5857F000BF4C7 /* Debug */,
				6050EB0625A5857F000BF4C7 /* Release */,
			);
			defaultConfigurationIsVisible = 0;
			defaultConfigurationName = Release;
		};
/* End XCConfigurationList section */
	};
	rootObject = 6050EACC25A5857C000BF4C7 /* Project object */;
}
